{
  "version": 4,
  "terraform_version": "1.14.0",
  "serial": 84,
  "lineage": "1e9bf131-ea56-231d-7214-3a9662392cd4",
  "outputs": {},
  "resources": [
    {
      "mode": "managed",
      "type": "aws_instance",
      "name": "prod",
      "provider": "provider[\"registry.terraform.io/hashicorp/aws\"]",
      "instances": [
        {
          "schema_version": 2,
          "attributes": {
            "ami": "ami-0c101f26f147fa7fd",
            "arn": "arn:aws:ec2:us-east-1:590183797030:instance/i-0e4d0e448e0349412",
            "associate_public_ip_address": true,
            "availability_zone": "us-east-1c",
            "capacity_reservation_specification": [
              {
                "capacity_reservation_preference": "open",
                "capacity_reservation_target": []
              }
            ],
            "cpu_options": [
              {
                "amd_sev_snp": "",
                "core_count": 1,
                "threads_per_core": 1
              }
            ],
            "credit_specification": [
              {
                "cpu_credits": "standard"
              }
            ],
            "disable_api_stop": false,
            "disable_api_termination": false,
            "ebs_block_device": [],
            "ebs_optimized": false,
            "enable_primary_ipv6": null,
            "enclave_options": [
              {
                "enabled": false
              }
            ],
            "ephemeral_block_device": [],
            "get_password_data": false,
            "hibernation": false,
            "host_id": "",
            "host_resource_group_arn": null,
            "iam_instance_profile": "",
            "id": "i-0e4d0e448e0349412",
            "instance_initiated_shutdown_behavior": "stop",
            "instance_lifecycle": "",
            "instance_market_options": [],
            "instance_state": "running",
            "instance_type": "t2.micro",
            "ipv6_address_count": 0,
            "ipv6_addresses": [],
            "key_name": "clave-ec2",
            "launch_template": [],
            "maintenance_options": [
              {
                "auto_recovery": "default"
              }
            ],
            "metadata_options": [
              {
                "http_endpoint": "enabled",
                "http_protocol_ipv6": "disabled",
                "http_put_response_hop_limit": 2,
                "http_tokens": "required",
                "instance_metadata_tags": "disabled"
              }
            ],
            "monitoring": false,
            "network_interface": [],
            "outpost_arn": "",
            "password_data": "",
            "placement_group": "",
            "placement_partition_number": 0,
            "primary_network_interface_id": "eni-0ba3f34c628c2dfd6",
            "private_dns": "ip-172-31-83-37.ec2.internal",
            "private_dns_name_options": [
              {
                "enable_resource_name_dns_a_record": false,
                "enable_resource_name_dns_aaaa_record": false,
                "hostname_type": "ip-name"
              }
            ],
            "private_ip": "172.31.83.37",
            "public_dns": "ec2-34-238-118-236.compute-1.amazonaws.com",
            "public_ip": "34.238.118.236",
            "region": "us-east-1",
            "root_block_device": [
              {
                "delete_on_termination": true,
                "device_name": "/dev/xvda",
                "encrypted": false,
                "iops": 3000,
                "kms_key_id": "",
                "tags": {},
                "tags_all": {},
                "throughput": 125,
                "volume_id": "vol-0deb896ac25d158ee",
                "volume_size": 8,
                "volume_type": "gp3"
              }
            ],
            "secondary_private_ips": [],
            "security_groups": [
              "web_sg"
            ],
            "source_dest_check": true,
            "spot_instance_request_id": "",
            "subnet_id": "subnet-015fd65860d0d842f",
            "tags": {
              "Name": "stocksRefferer"
            },
            "tags_all": {
              "Name": "stocksRefferer"
            },
            "tenancy": "default",
            "timeouts": null,
            "user_data": "#!/bin/bash\n# ==== 1. Actualizar el sistema e instalar herramientas ====\nyum update -y\n\nyum install -y git\n\nwget https://go.dev/dl/go1.22.0.linux-amd64.tar.gz\n\nrm -rf /usr/local/go\n\ntar -C /usr/local -xzf go1.22.0.linux-amd64.tar.gz\n\nexport HOME=/home/ec2-user\nexport GOCACHE=/tmp/go-cache\nexport GOROOT=/usr/local/go\nexport GOPATH=$HOME/go\nexport PATH=$PATH:$GOROOT/bin:$GOPATH/bin\n\ncd /home/ec2-user/stocksRefferer/backend\ngo build -o backend\n./backend \u0026\n\nsource ~/.bashrc\n\nyum install -y nginx\n\ncurl -fsSL https://rpm.nodesource.com/setup_22.x | sudo bash -\nsudo yum install -y nsolid\n\n# ==== 2. Clonar repositorio ====\ncd /home/ec2-user/\ngit clone https://github.com/MoraDiego/stocksRefferer.git\nmv /home/ec2-user/.env /home/ec2-user/stocksRefferer/api/.env\ncd stocksRefferer\n\n# ==== 3. Backend Go ====\nsudo chmod -R 757 api\ncd api\ngo version\ngo build -buildvcs=false -o backend\n./backend \u0026\n\n# ==== 4. Frontend Vue ====\ncd ../frontend\n\nnpm install\nnpm run build\n\nsudo tee /etc/nginx/nginx.conf \u003e /dev/null \u003c\u003cEOF\nuser nginx;\nworker_processes auto;\nerror_log /var/log/nginx/error.log;\npid /run/nginx.pid;\n\nevents {\n    worker_connections 1024;\n}\n\nhttp {\n    include       /etc/nginx/mime.types;\n    default_type  application/octet-stream;\n\n    sendfile        on;\n    keepalive_timeout  65;\n\n    server {\n        listen 80;\n        server_name _;\n\n        root /home/ec2-user/stocksRefferer/frontend/dist;\n        index index.html;\n\n        location / {\n            try_files \\$uri \\$uri/ /index.html;\n        }\n\n        location /api/ {\n            proxy_pass http://localhost:8080/;\n            proxy_http_version 1.1;\n            proxy_set_header Upgrade \\$http_upgrade;\n            proxy_set_header Connection 'upgrade';\n            proxy_set_header Host \\$host;\n            proxy_cache_bypass \\$http_upgrade;\n        }\n    }\n}\nEOF\nsudo chmod -R 755 /home\nsystemctl enable nginx\nsystemctl restart nginx",
            "user_data_base64": null,
            "user_data_replace_on_change": false,
            "volume_tags": null,
            "vpc_security_group_ids": [
              "sg-08e701e7574f7dd61"
            ]
          },
          "sensitive_attributes": [],
          "identity_schema_version": 0,
          "private": "eyJlMmJmYjczMC1lY2FhLTExZTYtOGY4OC0zNDM2M2JjN2M0YzAiOnsiY3JlYXRlIjo2MDAwMDAwMDAwMDAsImRlbGV0ZSI6MTIwMDAwMDAwMDAwMCwicmVhZCI6OTAwMDAwMDAwMDAwLCJ1cGRhdGUiOjYwMDAwMDAwMDAwMH0sInNjaGVtYV92ZXJzaW9uIjoiMiJ9",
          "dependencies": [
            "aws_security_group.web_sg"
          ]
        }
      ]
    },
    {
      "mode": "managed",
      "type": "aws_key_pair",
      "name": "clave_ec2",
      "provider": "provider[\"registry.terraform.io/hashicorp/aws\"]",
      "instances": [
        {
          "schema_version": 1,
          "attributes": {
            "arn": "arn:aws:ec2:us-east-1:590183797030:key-pair/clave-ec2",
            "fingerprint": "7c:43:37:85:12:c8:76:7d:6d:d1:f6:fe:d2:1f:f2:a4",
            "id": "clave-ec2",
            "key_name": "clave-ec2",
            "key_name_prefix": "",
            "key_pair_id": "key-001b0aec05b0d2b4b",
            "key_type": "rsa",
            "public_key": "ssh-rsa AAAAB3NzaC1yc2EAAAADAQABAAACAQDQjpvJToPnwM0xePG1Jm+PWJLSskGR30qIHRmon7j140o/v/3S0Xo0B4zX2SjVgEK1x9eYYnEJrQmKaqcaiLUgT71Yk04mwY2cfUiTelJeAH2ofLfgQfgeaJEoEWbmnNHKIvSi62aF7Rc9xytnw1+yYnHbEnNH7K0RIORMXsMchiUGfW/AT5UA0UHbZa+CoYm+bTf7T687xaTcy9/6hrP+ie/H79GHJS7Mgh6l0ruFd+iQwXZs6Stwi6KZcsBeulwdtQNOMRj3moQPl1PMaPGE1F0sS1kz0kpL0NCIjN2wa54dFA/yCkORoGHBeO7a0u+pE4VSByac6VHfatxvkcpSr93TIrfd5FUH+PUnH0kP+Iv/jPsdDSk6r3C+iUjKnyabKNYgZgjynpEdj6TaMd71ipLhDjHi019lv/qIFYKO2UQnBBaTZ6ynHc38YxC71RySh6x/CNmPMfgPMFX2wtwuQ+EuAqLKdfxWp1t+cvUVzu/MCG60gt9RjQOhJ+ZmzaDJuVusLiK2WL3wWzajG79yFD8Ig//6r5vrVUN61ucURWcyAuZhGl8MpozSr6ENG+JHl5Cf0zu8z5gCAjQXLuquvF6zRJ1I+dbP9qy5gFfjwzbYnbPXeDr64rKcAbrBp0UOmz+eH0HXh9t41WuOi+fhK1iQv54/EoO5eNNUh4U8aQ== diego@DESKTOP-IMAIHRP",
            "region": "us-east-1",
            "tags": null,
            "tags_all": {}
          },
          "sensitive_attributes": [],
          "identity_schema_version": 0,
          "private": "eyJzY2hlbWFfdmVyc2lvbiI6IjEifQ=="
        }
      ]
    },
    {
      "mode": "managed",
      "type": "aws_security_group",
      "name": "web_sg",
      "provider": "provider[\"registry.terraform.io/hashicorp/aws\"]",
      "instances": [
        {
          "schema_version": 1,
          "attributes": {
            "arn": "arn:aws:ec2:us-east-1:590183797030:security-group/sg-08e701e7574f7dd61",
            "description": "Permitir HTTP, SSH, Nginx",
            "egress": [
              {
                "cidr_blocks": [
                  "0.0.0.0/0"
                ],
                "description": "",
                "from_port": 0,
                "ipv6_cidr_blocks": [],
                "prefix_list_ids": [],
                "protocol": "-1",
                "security_groups": [],
                "self": false,
                "to_port": 0
              }
            ],
            "id": "sg-08e701e7574f7dd61",
            "ingress": [
              {
                "cidr_blocks": [
                  "0.0.0.0/0"
                ],
                "description": "",
                "from_port": 22,
                "ipv6_cidr_blocks": [],
                "prefix_list_ids": [],
                "protocol": "tcp",
                "security_groups": [],
                "self": false,
                "to_port": 22
              },
              {
                "cidr_blocks": [
                  "0.0.0.0/0"
                ],
                "description": "",
                "from_port": 80,
                "ipv6_cidr_blocks": [],
                "prefix_list_ids": [],
                "protocol": "tcp",
                "security_groups": [],
                "self": false,
                "to_port": 80
              }
            ],
            "name": "web_sg",
            "name_prefix": "",
            "owner_id": "590183797030",
            "region": "us-east-1",
            "revoke_rules_on_delete": false,
            "tags": null,
            "tags_all": {},
            "timeouts": null,
            "vpc_id": "vpc-07141579ce113e7b6"
          },
          "sensitive_attributes": [],
          "identity_schema_version": 0,
          "private": "eyJlMmJmYjczMC1lY2FhLTExZTYtOGY4OC0zNDM2M2JjN2M0YzAiOnsiY3JlYXRlIjo2MDAwMDAwMDAwMDAsImRlbGV0ZSI6OTAwMDAwMDAwMDAwfSwic2NoZW1hX3ZlcnNpb24iOiIxIn0="
        }
      ]
    }
  ],
  "check_results": null
}
